
Microsoft Visual Studio Solution File, Format Version 12.00
# Visual Studio 14
VisualStudioVersion = 14.0.25420.1
MinimumVisualStudioVersion = 10.0.40219.1
Project("{FAE04EC0-301F-11D3-BF4B-00C04F79EFBC}") = "DF_Model", "DF_Model\DF_Model.csproj", "{BF235E47-2A05-4CD1-AFB4-5384826D56A1}"
EndProject
Project("{FAE04EC0-301F-11D3-BF4B-00C04F79EFBC}") = "TestProject", "TestProject\TestProject.csproj", "{4865453D-6256-4F3C-A78A-56FCFA7B9449}"
EndProject
Global
	GlobalSection(SolutionConfigurationPlatforms) = preSolution
		Debug|Any CPU = Debug|Any CPU
		Release|Any CPU = Release|Any CPU
	EndGlobalSection
	GlobalSection(ProjectConfigurationPlatforms) = postSolution
		{BF235E47-2A05-4CD1-AFB4-5384826D56A1}.Debug|Any CPU.ActiveCfg = Debug|Any CPU
		{BF235E47-2A05-4CD1-AFB4-5384826D56A1}.Debug|Any CPU.Build.0 = Debug|Any CPU
		{BF235E47-2A05-4CD1-AFB4-5384826D56A1}.Release|Any CPU.ActiveCfg = Release|Any CPU
		{BF235E47-2A05-4CD1-AFB4-5384826D56A1}.Release|Any CPU.Build.0 = Release|Any CPU
		{4865453D-6256-4F3C-A78A-56FCFA7B9449}.Debug|Any CPU.ActiveCfg = Debug|Any CPU
		{4865453D-6256-4F3C-A78A-56FCFA7B9449}.Debug|Any CPU.Build.0 = Debug|Any CPU
		{4865453D-6256-4F3C-A78A-56FCFA7B9449}.Release|Any CPU.ActiveCfg = Release|Any CPU
		{4865453D-6256-4F3C-A78A-56FCFA7B9449}.Release|Any CPU.Build.0 = Release|Any CPU
	EndGlobalSection
	GlobalSection(SolutionProperties) = preSolution
		HideSolutionNode = FALSE
	EndGlobalSection
EndGlobal
